// !$*UTF8*$!
{
	archiveVersion = 1;
	classes = {
	};
	objectVersion = 46;
	objects = {

/* Begin PBXBuildFile section */
		31B26B2C1F6A0853000620D9 /* main.m in Sources */ = {isa = PBXBuildFile; fileRef = 31B26B2B1F6A0853000620D9 /* main.m */; };
		31B26B2F1F6A0853000620D9 /* AppDelegate.m in Sources */ = {isa = PBXBuildFile; fileRef = 31B26B2E1F6A0853000620D9 /* AppDelegate.m */; };
		31B26B321F6A0853000620D9 /* ViewController.m in Sources */ = {isa = PBXBuildFile; fileRef = 31B26B311F6A0853000620D9 /* ViewController.m */; };
		31B26B351F6A0853000620D9 /* Main.storyboard in Resources */ = {isa = PBXBuildFile; fileRef = 31B26B331F6A0853000620D9 /* Main.storyboard */; };
		31B26B371F6A0853000620D9 /* Assets.xcassets in Resources */ = {isa = PBXBuildFile; fileRef = 31B26B361F6A0853000620D9 /* Assets.xcassets */; };
		31B26B3A1F6A0853000620D9 /* LaunchScreen.storyboard in Resources */ = {isa = PBXBuildFile; fileRef = 31B26B381F6A0853000620D9 /* LaunchScreen.storyboard */; };
/* End PBXBuildFile section */

/* Begin PBXFileReference section */
		31B26B271F6A0853000620D9 /* YohunlUtilsLib.app */ = {isa = PBXFileReference; explicitFileType = wrapper.application; includeInIndex = 0; path = YohunlUtilsLib.app; sourceTree = BUILT_PRODUCTS_DIR; };
		31B26B2B1F6A0853000620D9 /* main.m */ = {isa = PBXFileReference; lastKnownFileType = sourcecode.c.objc; path = main.m; sourceTree = "<group>"; };
		31B26B2D1F6A0853000620D9 /* AppDelegate.h */ = {isa = PBXFileReference; lastKnownFileType = sourcecode.c.h; path = AppDelegate.h; sourceTree = "<group>"; };
		31B26B2E1F6A0853000620D9 /* AppDelegate.m */ = {isa = PBXFileReference; lastKnownFileType = sourcecode.c.objc; path = AppDelegate.m; sourceTree = "<group>"; };
		31B26B301F6A0853000620D9 /* ViewController.h */ = {isa = PBXFileReference; lastKnownFileType = sourcecode.c.h; path = ViewController.h; sourceTree = "<group>"; };
		31B26B311F6A0853000620D9 /* ViewController.m */ = {isa = PBXFileReference; lastKnownFileType = sourcecode.c.objc; path = ViewController.m; sourceTree = "<group>"; };
		31B26B341F6A0853000620D9 /* Base */ = {isa = PBXFileReference; lastKnownFileType = file.storyboard; name = Base; path = Base.lproj/Main.storyboard; sourceTree = "<group>"; };
		31B26B361F6A0853000620D9 /* Assets.xcassets */ = {isa = PBXFileReference; lastKnownFileType = folder.assetcatalog; path = Assets.xcassets; sourceTree = "<group>"; };
		31B26B391F6A0853000620D9 /* Base */ = {isa = PBXFileReference; lastKnownFileType = file.storyboard; name = Base; path = Base.lproj/LaunchScreen.storyboard; sourceTree = "<group>"; };
		31B26B3B1F6A0853000620D9 /* Info.plist */ = {isa = PBXFileReference; lastKnownFileType = text.plist.xml; path = Info.plist; sourceTree = "<group>"; };
/* End PBXFileReference section */

/* Begin PBXFrameworksBuildPhase section */
		31B26B241F6A0853000620D9 /* Frameworks */ = {
			isa = PBXFrameworksBuildPhase;
			buildActionMask = 2147483647;
			files = (
			);
			runOnlyForDeploymentPostprocessing = 0;
		};
/* End PBXFrameworksBuildPhase section */

/* Begin PBXGroup section */
		31B26B1E1F6A0853000620D9 = {
			isa = PBXGroup;
			children = (
				31B26B291F6A0853000620D9 /* YohunlUtilsLib */,
				31B26B281F6A0853000620D9 /* Products */,
			);
			sourceTree = "<group>";
		};
		31B26B281F6A0853000620D9 /* Products */ = {
			isa = PBXGroup;
			children = (
				31B26B271F6A0853000620D9 /* YohunlUtilsLib.app */,
			);
			name = Products;
			sourceTree = "<group>";
		};
		31B26B291F6A0853000620D9 /* YohunlUtilsLib */ = {
			isa = PBXGroup;
			children = (
				31B26B2D1F6A0853000620D9 /* AppDelegate.h */,
				31B26B2E1F6A0853000620D9 /* AppDelegate.m */,
				31B26B301F6A0853000620D9 /* ViewController.h */,
				31B26B311F6A0853000620D9 /* ViewController.m */,
				31B26B331F6A0853000620D9 /* Main.storyboard */,
				31B26B361F6A0853000620D9 /* Assets.xcassets */,
				31B26B381F6A0853000620D9 /* LaunchScreen.storyboard */,
				31B26B3B1F6A0853000620D9 /* Info.plist */,
				31B26B2A1F6A0853000620D9 /* Supporting Files */,
			);
			path = YohunlUtilsLib;
			sourceTree = "<group>";
		};
		31B26B2A1F6A0853000620D9 /* Supporting Files */ = {
			isa = PBXGroup;
			children = (
				31B26B2B1F6A0853000620D9 /* main.m */,
			);
			name = "Supporting Files";
			sourceTree = "<group>";
		};
/* End PBXGroup section */

/* Begin PBXNativeTarget section */
		31B26B261F6A0853000620D9 /* YohunlUtilsLib */ = {
			isa = PBXNativeTarget;
			buildConfigurationList = 31B26B3E1F6A0853000620D9 /* Build configuration list for PBXNativeTarget "YohunlUtilsLib" */;
			buildPhases = (
				31B26B231F6A0853000620D9 /* Sources */,
				31B26B241F6A0853000620D9 /* Frameworks */,
				31B26B251F6A0853000620D9 /* Resources */,
			);
			buildRules = (
			);
			dependencies = (
			);
			name = YohunlUtilsLib;
			productName = YohunlUtilsLib;
			productReference = 31B26B271F6A0853000620D9 /* YohunlUtilsLib.app */;
			productType = "com.apple.product-type.application";
		};
/* End PBXNativeTarget section */

/* Begin PBXProject section */
		31B26B1F1F6A0853000620D9 /* Project object */ = {
			isa = PBXProject;
			attributes = {
				LastUpgradeCheck = 0830;
				ORGANIZATIONNAME = fanCoder;
				TargetAttributes = {
					31B26B261F6A0853000620D9 = {
						CreatedOnToolsVersion = 8.3.1;
						DevelopmentTeam = 898NAN8W82;
						ProvisioningStyle = Automatic;
					};
				};
			};
			buildConfigurationList = 31B26B221F6A0853000620D9 /* Build configuration list for PBXProject "YohunlUtilsLib" */;
			compatibilityVersion = "Xcode 3.2";
			developmentRegion = English;
			hasScannedForEncodings = 0;
			knownRegions = (
				en,
				Base,
			);
			mainGroup = 31B26B1E1F6A0853000620D9;
			productRefGroup = 31B26B281F6A0853000620D9 /* Products */;
			projectDirPath = "";
			projectRoot = "";
			targets = (
				31B26B261F6A0853000620D9 /* YohunlUtilsLib */,
			);
		};
/* End PBXProject section */

/* Begin PBXResourcesBuildPhase section */
		31B26B251F6A0853000620D9 /* Resources */ = {
			isa = PBXResourcesBuildPhase;
			buildActionMask = 2147483647;
			files = (
				31B26B3A1F6A0853000620D9 /* LaunchScreen.storyboard in Resources */,
				31B26B371F6A0853000620D9 /* Assets.xcassets in Resources */,
				31B26B351F6A0853000620D9 /* Main.storyboard in Resources */,
			);
			runOnlyForDeploymentPostprocessing = 0;
		};
/* End PBXResourcesBuildPhase section */

/* Begin PBXSourcesBuildPhase section */
		31B26B231F6A0853000620D9 /* Sources */ = {
			isa = PBXSourcesBuildPhase;
			buildActionMask = 2147483647;
			files = (
				31B26B321F6A0853000620D9 /* ViewController.m in Sources */,
				31B26B2F1F6A0853000620D9 /* AppDelegate.m in Sources */,
				31B26B2C1F6A0853000620D9 /* main.m in Sources */,
			);
			runOnlyForDeploymentPostprocessing = 0;
		};
/* End PBXSourcesBuildPhase section */

/* Begin PBXVariantGroup section */
		31B26B331F6A0853000620D9 /* Main.storyboard */ = {
			isa = PBXVariantGroup;
			children = (
				31B26B341F6A0853000620D9 /* Base */,
			);
			name = Main.storyboard;
			sourceTree = "<group>";
		};
		31B26B381F6A0853000620D9 /* LaunchScreen.storyboard */ = {
			isa = PBXVariantGroup;
			children = (
				31B26B391F6A0853000620D9 /* Base */,
			);
			name = LaunchScreen.storyboard;
			sourceTree = "<group>";
		};
/* End PBXVariantGroup section */

/* Begin XCBuildConfiguration section */
		31B26B3C1F6A0853000620D9 /* Debug */ = {
			isa = XCBuildConfiguration;
			buildSettings = {
				ALWAYS_SEARCH_USER_PATHS = NO;
				CLANG_ANALYZER_NONNULL = YES;
				CLANG_ANALYZER_NUMBER_OBJECT_CONVERSION = YES_AGGRESSIVE;
				CLANG_CXX_LANGUAGE_STANDARD = "gnu++0x";
				CLANG_CXX_LIBRARY = "libc++";
				CLANG_ENABLE_MODULES = YES;
				CLANG_ENABLE_OBJC_ARC = YES;
				CLANG_WARN_BOOL_CONVERSION = YES;
				CLANG_WARN_CONSTANT_CONVERSION = YES;
				CLANG_WARN_DIRECT_OBJC_ISA_USAGE = YES_ERROR;
				CLANG_WARN_DOCUMENTATION_COMMENTS = YES;
				CLANG_WARN_EMPTY_BODY = YES;
				CLANG_WARN_ENUM_CONVERSION = YES;
				CLANG_WARN_INFINITE_RECURSION = YES;
				CLANG_WARN_INT_CONVERSION = YES;
				CLANG_WARN_OBJC_ROOT_CLASS = YES_ERROR;
				CLANG_WARN_SUSPICIOUS_MOVE = YES;
				CLANG_WARN_UNREACHABLE_CODE = YES;
				CLANG_WARN__DUPLICATE_METHOD_MATCH = YES;
				"CODE_SIGN_IDENTITY[sdk=iphoneos*]" = "iPhone Developer";
				COPY_PHASE_STRIP = NO;
				DEBUG_INFORMATION_FORMAT = dwarf;
				ENABLE_STRICT_OBJC_MSGSEND = YES;
				ENABLE_TESTABILITY = YES;
				GCC_C_LANGUAGE_STANDARD = gnu99;
				GCC_DYNAMIC_NO_PIC = NO;
				GCC_NO_COMMON_BLOCKS = YES;
				GCC_OPTIMIZATION_LEVEL = 0;
				GCC_PREPROCESSOR_DEFINITIONS = (
					"DEBUG=1",
					"$(inherited)",
				);
				GCC_WARN_64_TO_32_BIT_CONVERSION = YES;
				GCC_WARN_ABOUT_RETURN_TYPE = YES_ERROR;
				GCC_WARN_UNDECLARED_SELECTOR = YES;
				GCC_WARN_UNINITIALIZED_AUTOS = YES_AGGRESSIVE;
				GCC_WARN_UNUSED_FUNCTION = YES;
				GCC_WARN_UNUSED_VARIABLE = YES;
				IPHONEOS_DEPLOYMENT_TARGET = 10.3;
				MTL_ENABLE_DEBUG_INFO = YES;
				ONLY_ACTIVE_ARCH = YES;
				SDKROOT = iphoneos;
			};
			name = Debug;
		};
		31B26B3D1F6A0853000620D9 /* Release */ = {
			isa = XCBuildConfiguration;
			buildSettings = {
				ALWAYS_SEARCH_USER_PATHS = NO;
				CLANG_ANALYZER_NONNULL = YES;
				CLANG_ANALYZER_NUMBER_OBJECT_CONVERSION = YES_AGGRESSIVE;
				CLANG_CXX_LANGUAGE_STANDARD = "gnu++0x";
				CLANG_CXX_LIBRARY = "libc++";
				CLANG_ENABLE_MODULES = YES;
				CLANG_ENABLE_OBJC_ARC = YES;
				CLANG_WARN_BOOL_CONVERSION = YES;
				CLANG_WARN_CONSTANT_CONVERSION = YES;
				CLANG_WARN_DIRECT_OBJC_ISA_USAGE = YES_ERROR;
				CLANG_WARN_DOCUMENTATION_COMMENTS = YES;
				CLANG_WARN_EMPTY_BODY = YES;
				CLANG_WARN_ENUM_CONVERSION = YES;
				CLANG_WARN_INFINITE_RECURSION = YES;
				CLANG_WARN_INT_CONVERSION = YES;
				CLANG_WARN_OBJC_ROOT_CLASS = YES_ERROR;
				CLANG_WARN_SUSPICIOUS_MOVE = YES;
				CLANG_WARN_UNREACHABLE_CODE = YES;
				CLANG_WARN__DUPLICATE_METHOD_MATCH = YES;
				"CODE_SIGN_IDENTITY[sdk=iphoneos*]" = "iPhone Developer";
				COPY_PHASE_STRIP = NO;
				DEBUG_INFORMATION_FORMAT = "dwarf-with-dsym";
				ENABLE_NS_ASSERTIONS = NO;
				ENABLE_STRICT_OBJC_MSGSEND = YES;
				GCC_C_LANGUAGE_STANDARD = gnu99;
				GCC_NO_COMMON_BLOCKS = YES;
				GCC_WARN_64_TO_32_BIT_CONVERSION = YES;
				GCC_WARN_ABOUT_RETURN_TYPE = YES_ERROR;
				GCC_WARN_UNDECLARED_SELECTOR = YES;
				GCC_WARN_UNINITIALIZED_AUTOS = YES_AGGRESSIVE;
				GCC_WARN_UNUSED_FUNCTION = YES;
				GCC_WARN_UNUSED_VARIABLE = YES;
				IPHONEOS_DEPLOYMENT_TARGET = 10.3;
				MTL_ENABLE_DEBUG_INFO = NO;
				SDKROOT = iphoneos;
				VALIDATE_PRODUCT = YES;
			};
			name = Release;
		};
		31B26B3F1F6A0853000620D9 /* Debug */ = {
			isa = XCBuildConfiguration;
			buildSettings = {
				ASSETCATALOG_COMPILER_APPICON_NAME = AppIcon;
				DEVELOPMENT_TEAM = 898NAN8W82;
				INFOPLIST_FILE = YohunlUtilsLib/Info.plist;
				IPHONEOS_DEPLOYMENT_TARGET = 7.0;
				LD_RUNPATH_SEARCH_PATHS = "$(inherited) @executable_path/Frameworks";
				PRODUCT_BUNDLE_IDENTIFIER = com.fanCoder.YohunlUtilsLib;
				PRODUCT_NAME = "$(TARGET_NAME)";
			};
			name = Debug;
		};
		31B26B401F6A0853000620D9 /* Release */ = {
			isa = XCBuildConfiguration;
			buildSettings = {
				ASSETCATALOG_COMPILER_APPICON_NAME = AppIcon;
				DEVELOPMENT_TEAM = 898NAN8W82;
				INFOPLIST_FILE = YohunlUtilsLib/Info.plist;
				IPHONEOS_DEPLOYMENT_TARGET = 7.0;
				LD_RUNPATH_SEARCH_PATHS = "$(inherited) @executable_path/Frameworks";
				PRODUCT_BUNDLE_IDENTIFIER = com.fanCoder.YohunlUtilsLib;
				PRODUCT_NAME = "$(TARGET_NAME)";
			};
			name = Release;
		};
/* End XCBuildConfiguration section */

/* Begin XCConfigurationList section */
		31B26B221F6A0853000620D9 /* Build configuration list for PBXProject "YohunlUtilsLib" */ = {
			isa = XCConfigurationList;
			buildConfigurations = (
				31B26B3C1F6A0853000620D9 /* Debug */,
				31B26B3D1F6A0853000620D9 /* Release */,
			);
			defaultConfigurationIsVisible = 0;
			defaultConfigurationName = Release;
		};
		31B26B3E1F6A0853000620D9 /* Build configuration list for PBXNativeTarget "YohunlUtilsLib" */ = {
			isa = XCConfigurationList;
			buildConfigurations = (
				31B26B3F1F6A0853000620D9 /* Debug */,
				31B26B401F6A0853000620D9 /* Release */,
			);
			defaultConfigurationIsVisible = 0;
		};
/* End XCConfigurationList section */
	};
	rootObject = 31B26B1F1F6A0853000620D9 /* Project object */;
}
